
Microsoft Visual Studio Solution File, Format Version 12.00
# Visual Studio Version 16
VisualStudioVersion = 16.0.31729.503
MinimumVisualStudioVersion = 10.0.40219.1
Project("{9A19103F-16F7-4668-BE54-9A1E7A4F7556}") = "ChickenBanana.IbmMq.Tools", "ChickenBanana.IbmMq.Tools\ChickenBanana.IbmMq.Tools.csproj", "{3F874A84-A9BA-4C7B-A169-8AEDB9EF2EC8}"
EndProject
Project("{9A19103F-16F7-4668-BE54-9A1E7A4F7556}") = "ChickenBanana.IbmMq.Client", "ChickenBanana.IbmMq.Client\ChickenBanana.IbmMq.Client.csproj", "{8DADC101-F51F-41BB-920B-0C9AF5FB0F1A}"
EndProject
Project("{9A19103F-16F7-4668-BE54-9A1E7A4F7556}") = "ChickenBanana.IbmMq.Client.Abstractions", "ChickenBanana.IbmMq.Client.Abstractions\ChickenBanana.IbmMq.Client.Abstractions.csproj", "{005CEC2F-DCD9-4D98-91F4-98D6D7A16737}"
EndProject
Project("{9A19103F-16F7-4668-BE54-9A1E7A4F7556}") = "ChickenBanana.IbmMq.Client.Test", "ChickenBanana.IbmMq.Client.Test\ChickenBanana.IbmMq.Client.Test.csproj", "{D1E0DF97-F106-4B66-AFBB-FFB3B7BCEEA1}"
EndProject
Project("{9A19103F-16F7-4668-BE54-9A1E7A4F7556}") = "ChickenBanana.IbmMq.Tools.Test", "ChickenBanana.IbmMq.Tools.Test\ChickenBanana.IbmMq.Tools.Test.csproj", "{F4F93587-E2C7-4706-93EC-6773185C4C96}"
EndProject
Global
	GlobalSection(SolutionConfigurationPlatforms) = preSolution
		Debug|Any CPU = Debug|Any CPU
		Release|Any CPU = Release|Any CPU
	EndGlobalSection
	GlobalSection(ProjectConfigurationPlatforms) = postSolution
		{3F874A84-A9BA-4C7B-A169-8AEDB9EF2EC8}.Debug|Any CPU.ActiveCfg = Debug|Any CPU
		{3F874A84-A9BA-4C7B-A169-8AEDB9EF2EC8}.Debug|Any CPU.Build.0 = Debug|Any CPU
		{3F874A84-A9BA-4C7B-A169-8AEDB9EF2EC8}.Release|Any CPU.ActiveCfg = Release|Any CPU
		{3F874A84-A9BA-4C7B-A169-8AEDB9EF2EC8}.Release|Any CPU.Build.0 = Release|Any CPU
		{8DADC101-F51F-41BB-920B-0C9AF5FB0F1A}.Debug|Any CPU.ActiveCfg = Debug|Any CPU
		{8DADC101-F51F-41BB-920B-0C9AF5FB0F1A}.Debug|Any CPU.Build.0 = Debug|Any CPU
		{8DADC101-F51F-41BB-920B-0C9AF5FB0F1A}.Release|Any CPU.ActiveCfg = Release|Any CPU
		{8DADC101-F51F-41BB-920B-0C9AF5FB0F1A}.Release|Any CPU.Build.0 = Release|Any CPU
		{005CEC2F-DCD9-4D98-91F4-98D6D7A16737}.Debug|Any CPU.ActiveCfg = Debug|Any CPU
		{005CEC2F-DCD9-4D98-91F4-98D6D7A16737}.Debug|Any CPU.Build.0 = Debug|Any CPU
		{005CEC2F-DCD9-4D98-91F4-98D6D7A16737}.Release|Any CPU.ActiveCfg = Release|Any CPU
		{005CEC2F-DCD9-4D98-91F4-98D6D7A16737}.Release|Any CPU.Build.0 = Release|Any CPU
		{D1E0DF97-F106-4B66-AFBB-FFB3B7BCEEA1}.Debug|Any CPU.ActiveCfg = Debug|Any CPU
		{D1E0DF97-F106-4B66-AFBB-FFB3B7BCEEA1}.Debug|Any CPU.Build.0 = Debug|Any CPU
		{D1E0DF97-F106-4B66-AFBB-FFB3B7BCEEA1}.Release|Any CPU.ActiveCfg = Release|Any CPU
		{D1E0DF97-F106-4B66-AFBB-FFB3B7BCEEA1}.Release|Any CPU.Build.0 = Release|Any CPU
		{F4F93587-E2C7-4706-93EC-6773185C4C96}.Debug|Any CPU.ActiveCfg = Debug|Any CPU
		{F4F93587-E2C7-4706-93EC-6773185C4C96}.Debug|Any CPU.Build.0 = Debug|Any CPU
		{F4F93587-E2C7-4706-93EC-6773185C4C96}.Release|Any CPU.ActiveCfg = Release|Any CPU
		{F4F93587-E2C7-4706-93EC-6773185C4C96}.Release|Any CPU.Build.0 = Release|Any CPU
	EndGlobalSection
	GlobalSection(SolutionProperties) = preSolution
		HideSolutionNode = FALSE
	EndGlobalSection
	GlobalSection(ExtensibilityGlobals) = postSolution
		SolutionGuid = {26B7DDF3-A939-4720-8B4A-A4F22B5E7769}
	EndGlobalSection
EndGlobal
